
Microsoft Visual Studio Solution File, Format Version 12.00
# Visual Studio 15
VisualStudioVersion = 15.0.27130.2036
MinimumVisualStudioVersion = 10.0.40219.1
Project("{9A19103F-16F7-4668-BE54-9A1E7A4F7556}") = "LiveHAPI", "LiveHAPI\LiveHAPI.csproj", "{03FCEE20-6249-443A-BDC5-B5478895E1CC}"
EndProject
Project("{9A19103F-16F7-4668-BE54-9A1E7A4F7556}") = "LiveHAPI.Shared", "LiveHAPI.Shared\LiveHAPI.Shared.csproj", "{E2D902B0-CB82-40DB-8940-CD316BCBC59E}"
EndProject
Project("{9A19103F-16F7-4668-BE54-9A1E7A4F7556}") = "LiveHAPI.Shared.Tests", "LiveHAPI.Shared.Tests\LiveHAPI.Shared.Tests.csproj", "{57F41AEB-A26D-4EF9-BC0A-E3EA74E38C38}"
EndProject
Project("{2150E333-8FDC-42A3-9474-1A3956D46DE8}") = "SharedKernel", "SharedKernel", "{FAAD27AE-9E4E-4AFE-B3C7-547FDF963633}"
EndProject
Project("{2150E333-8FDC-42A3-9474-1A3956D46DE8}") = "Core", "Core", "{DE42083E-EEFF-44CE-83FD-58EEB04AEA0C}"
EndProject
Project("{9A19103F-16F7-4668-BE54-9A1E7A4F7556}") = "LiveHAPI.Core", "LiveHAPI.Core\LiveHAPI.Core.csproj", "{4F7707CA-8E3F-40E4-A7B1-75818C072901}"
EndProject
Project("{2150E333-8FDC-42A3-9474-1A3956D46DE8}") = "Infrastructure", "Infrastructure", "{39C240A8-BE8D-41DF-88E6-9431848BD2E1}"
EndProject
Project("{9A19103F-16F7-4668-BE54-9A1E7A4F7556}") = "LiveHAPI.Infrastructure", "LiveHAPI.Infrastructure\LiveHAPI.Infrastructure.csproj", "{904AA890-2091-40EB-A913-AA903DD9A3C4}"
EndProject
Project("{9A19103F-16F7-4668-BE54-9A1E7A4F7556}") = "LiveHAPI.Infrastructure.Tests", "LiveHAPI.Infrastructure.Tests\LiveHAPI.Infrastructure.Tests.csproj", "{32134D3C-0BDE-4CA2-AB6A-A388B7FEA390}"
EndProject
Project("{9A19103F-16F7-4668-BE54-9A1E7A4F7556}") = "LiveHAPI.Core.Tests", "LiveHAPI.Core.Tests\LiveHAPI.Core.Tests.csproj", "{ECD274CB-5E8D-46AB-A128-FE221C604F57}"
EndProject
Project("{9A19103F-16F7-4668-BE54-9A1E7A4F7556}") = "LiveHAPI.Tests", "LiveHAPI.Tests\LiveHAPI.Tests.csproj", "{CBC14D4D-09AA-41DB-9B69-FABD8A572E6F}"
EndProject
Project("{2150E333-8FDC-42A3-9474-1A3956D46DE8}") = "Sync", "Sync", "{9D0DEB0A-B084-442F-B638-B4D389E6700B}"
EndProject
Project("{9A19103F-16F7-4668-BE54-9A1E7A4F7556}") = "LiveHAPI.Sync.Core", "LiveHAPI.Sync.Core\LiveHAPI.Sync.Core.csproj", "{957226C9-0A29-4468-A4C6-DE857B0DC20F}"
EndProject
Project("{2150E333-8FDC-42A3-9474-1A3956D46DE8}") = "Core", "Core", "{BA60706A-CE59-4887-A242-BC934C53F167}"
EndProject
Project("{9A19103F-16F7-4668-BE54-9A1E7A4F7556}") = "LiveHAPI.Sync.Core.Tests", "LiveHAPI.Sync.Core.Tests\LiveHAPI.Sync.Core.Tests.csproj", "{AF20B4CC-1100-4175-9BB9-3034410E4BCC}"
EndProject
Project("{9A19103F-16F7-4668-BE54-9A1E7A4F7556}") = "LiveHAPI.Sync", "LiveHAPI.Sync\LiveHAPI.Sync.csproj", "{EB537D16-048A-4AE4-8C1E-EE5C7C2556C7}"
EndProject
Global
	GlobalSection(SolutionConfigurationPlatforms) = preSolution
		Debug|Any CPU = Debug|Any CPU
		Release|Any CPU = Release|Any CPU
	EndGlobalSection
	GlobalSection(ProjectConfigurationPlatforms) = postSolution
		{03FCEE20-6249-443A-BDC5-B5478895E1CC}.Debug|Any CPU.ActiveCfg = Debug|Any CPU
		{03FCEE20-6249-443A-BDC5-B5478895E1CC}.Debug|Any CPU.Build.0 = Debug|Any CPU
		{03FCEE20-6249-443A-BDC5-B5478895E1CC}.Release|Any CPU.ActiveCfg = Release|Any CPU
		{03FCEE20-6249-443A-BDC5-B5478895E1CC}.Release|Any CPU.Build.0 = Release|Any CPU
		{E2D902B0-CB82-40DB-8940-CD316BCBC59E}.Debug|Any CPU.ActiveCfg = Debug|Any CPU
		{E2D902B0-CB82-40DB-8940-CD316BCBC59E}.Debug|Any CPU.Build.0 = Debug|Any CPU
		{E2D902B0-CB82-40DB-8940-CD316BCBC59E}.Release|Any CPU.ActiveCfg = Release|Any CPU
		{E2D902B0-CB82-40DB-8940-CD316BCBC59E}.Release|Any CPU.Build.0 = Release|Any CPU
		{57F41AEB-A26D-4EF9-BC0A-E3EA74E38C38}.Debug|Any CPU.ActiveCfg = Debug|Any CPU
		{57F41AEB-A26D-4EF9-BC0A-E3EA74E38C38}.Debug|Any CPU.Build.0 = Debug|Any CPU
		{57F41AEB-A26D-4EF9-BC0A-E3EA74E38C38}.Release|Any CPU.ActiveCfg = Release|Any CPU
		{57F41AEB-A26D-4EF9-BC0A-E3EA74E38C38}.Release|Any CPU.Build.0 = Release|Any CPU
		{4F7707CA-8E3F-40E4-A7B1-75818C072901}.Debug|Any CPU.ActiveCfg = Debug|Any CPU
		{4F7707CA-8E3F-40E4-A7B1-75818C072901}.Debug|Any CPU.Build.0 = Debug|Any CPU
		{4F7707CA-8E3F-40E4-A7B1-75818C072901}.Release|Any CPU.ActiveCfg = Release|Any CPU
		{4F7707CA-8E3F-40E4-A7B1-75818C072901}.Release|Any CPU.Build.0 = Release|Any CPU
		{904AA890-2091-40EB-A913-AA903DD9A3C4}.Debug|Any CPU.ActiveCfg = Debug|Any CPU
		{904AA890-2091-40EB-A913-AA903DD9A3C4}.Debug|Any CPU.Build.0 = Debug|Any CPU
		{904AA890-2091-40EB-A913-AA903DD9A3C4}.Release|Any CPU.ActiveCfg = Release|Any CPU
		{904AA890-2091-40EB-A913-AA903DD9A3C4}.Release|Any CPU.Build.0 = Release|Any CPU
		{32134D3C-0BDE-4CA2-AB6A-A388B7FEA390}.Debug|Any CPU.ActiveCfg = Debug|Any CPU
		{32134D3C-0BDE-4CA2-AB6A-A388B7FEA390}.Debug|Any CPU.Build.0 = Debug|Any CPU
		{32134D3C-0BDE-4CA2-AB6A-A388B7FEA390}.Release|Any CPU.ActiveCfg = Release|Any CPU
		{32134D3C-0BDE-4CA2-AB6A-A388B7FEA390}.Release|Any CPU.Build.0 = Release|Any CPU
		{ECD274CB-5E8D-46AB-A128-FE221C604F57}.Debug|Any CPU.ActiveCfg = Debug|Any CPU
		{ECD274CB-5E8D-46AB-A128-FE221C604F57}.Debug|Any CPU.Build.0 = Debug|Any CPU
		{ECD274CB-5E8D-46AB-A128-FE221C604F57}.Release|Any CPU.ActiveCfg = Release|Any CPU
		{ECD274CB-5E8D-46AB-A128-FE221C604F57}.Release|Any CPU.Build.0 = Release|Any CPU
		{CBC14D4D-09AA-41DB-9B69-FABD8A572E6F}.Debug|Any CPU.ActiveCfg = Debug|Any CPU
		{CBC14D4D-09AA-41DB-9B69-FABD8A572E6F}.Debug|Any CPU.Build.0 = Debug|Any CPU
		{CBC14D4D-09AA-41DB-9B69-FABD8A572E6F}.Release|Any CPU.ActiveCfg = Release|Any CPU
		{CBC14D4D-09AA-41DB-9B69-FABD8A572E6F}.Release|Any CPU.Build.0 = Release|Any CPU
		{957226C9-0A29-4468-A4C6-DE857B0DC20F}.Debug|Any CPU.ActiveCfg = Debug|Any CPU
		{957226C9-0A29-4468-A4C6-DE857B0DC20F}.Debug|Any CPU.Build.0 = Debug|Any CPU
		{957226C9-0A29-4468-A4C6-DE857B0DC20F}.Release|Any CPU.ActiveCfg = Release|Any CPU
		{957226C9-0A29-4468-A4C6-DE857B0DC20F}.Release|Any CPU.Build.0 = Release|Any CPU
		{AF20B4CC-1100-4175-9BB9-3034410E4BCC}.Debug|Any CPU.ActiveCfg = Debug|Any CPU
		{AF20B4CC-1100-4175-9BB9-3034410E4BCC}.Debug|Any CPU.Build.0 = Debug|Any CPU
		{AF20B4CC-1100-4175-9BB9-3034410E4BCC}.Release|Any CPU.ActiveCfg = Release|Any CPU
		{AF20B4CC-1100-4175-9BB9-3034410E4BCC}.Release|Any CPU.Build.0 = Release|Any CPU
		{EB537D16-048A-4AE4-8C1E-EE5C7C2556C7}.Debug|Any CPU.ActiveCfg = Debug|Any CPU
		{EB537D16-048A-4AE4-8C1E-EE5C7C2556C7}.Debug|Any CPU.Build.0 = Debug|Any CPU
		{EB537D16-048A-4AE4-8C1E-EE5C7C2556C7}.Release|Any CPU.ActiveCfg = Release|Any CPU
		{EB537D16-048A-4AE4-8C1E-EE5C7C2556C7}.Release|Any CPU.Build.0 = Release|Any CPU
	EndGlobalSection
	GlobalSection(SolutionProperties) = preSolution
		HideSolutionNode = FALSE
	EndGlobalSection
	GlobalSection(NestedProjects) = preSolution
		{E2D902B0-CB82-40DB-8940-CD316BCBC59E} = {FAAD27AE-9E4E-4AFE-B3C7-547FDF963633}
		{57F41AEB-A26D-4EF9-BC0A-E3EA74E38C38} = {FAAD27AE-9E4E-4AFE-B3C7-547FDF963633}
		{4F7707CA-8E3F-40E4-A7B1-75818C072901} = {DE42083E-EEFF-44CE-83FD-58EEB04AEA0C}
		{904AA890-2091-40EB-A913-AA903DD9A3C4} = {39C240A8-BE8D-41DF-88E6-9431848BD2E1}
		{32134D3C-0BDE-4CA2-AB6A-A388B7FEA390} = {39C240A8-BE8D-41DF-88E6-9431848BD2E1}
		{ECD274CB-5E8D-46AB-A128-FE221C604F57} = {DE42083E-EEFF-44CE-83FD-58EEB04AEA0C}
		{957226C9-0A29-4468-A4C6-DE857B0DC20F} = {BA60706A-CE59-4887-A242-BC934C53F167}
		{BA60706A-CE59-4887-A242-BC934C53F167} = {9D0DEB0A-B084-442F-B638-B4D389E6700B}
		{AF20B4CC-1100-4175-9BB9-3034410E4BCC} = {BA60706A-CE59-4887-A242-BC934C53F167}
		{EB537D16-048A-4AE4-8C1E-EE5C7C2556C7} = {9D0DEB0A-B084-442F-B638-B4D389E6700B}
	EndGlobalSection
	GlobalSection(ExtensibilityGlobals) = postSolution
		SolutionGuid = {EBFAAC0A-E4B1-4E6E-A014-FA8A89FC10EB}
	EndGlobalSection
EndGlobal
